
Microsoft Visual Studio Solution File, Format Version 12.00
# Visual Studio Version 17
VisualStudioVersion = 17.8.34330.188
MinimumVisualStudioVersion = 10.0.40219.1
Project("{FAE04EC0-301F-11D3-BF4B-00C04F79EFBC}") = "GaleriaZwierzat", "GaleriaZwierzat.csproj", "{31ED4543-27A1-4155-8BE3-6DEEBDBB1E85}"
EndProject
Global
	GlobalSection(SolutionConfigurationPlatforms) = preSolution
		Debug|Any CPU = Debug|Any CPU
		Release|Any CPU = Release|Any CPU
	EndGlobalSection
	GlobalSection(ProjectConfigurationPlatforms) = postSolution
		{31ED4543-27A1-4155-8BE3-6DEEBDBB1E85}.Debug|Any CPU.ActiveCfg = Debug|Any CPU
		{31ED4543-27A1-4155-8BE3-6DEEBDBB1E85}.Debug|Any CPU.Build.0 = Debug|Any CPU
		{31ED4543-27A1-4155-8BE3-6DEEBDBB1E85}.Release|Any CPU.ActiveCfg = Release|Any CPU
		{31ED4543-27A1-4155-8BE3-6DEEBDBB1E85}.Release|Any CPU.Build.0 = Release|Any CPU
	EndGlobalSection
	GlobalSection(SolutionProperties) = preSolution
		HideSolutionNode = FALSE
	EndGlobalSection
	GlobalSection(ExtensibilityGlobals) = postSolution
		SolutionGuid = {B92D4D88-AA76-41E8-A725-17978C16BCE7}
	EndGlobalSection
EndGlobal
